
Microsoft Visual Studio Solution File, Format Version 12.00
# Visual Studio 15
VisualStudioVersion = 15.0.27703.2035
MinimumVisualStudioVersion = 10.0.40219.1
Project("{FAE04EC0-301F-11D3-BF4B-00C04F79EFBC}") = "FizzBuzzObserverPattern", "FizzBuzzObserverPattern\FizzBuzzObserverPattern.csproj", "{A5965C0B-4667-49D1-A8B6-1088650869FB}"
EndProject
Project("{FAE04EC0-301F-11D3-BF4B-00C04F79EFBC}") = "FizzBuzzObserver", "FizzBuzzObserver\FizzBuzzObserver.csproj", "{A5856F41-5834-4A0D-9D74-ABD20BDCC477}"
EndProject
Project("{FAE04EC0-301F-11D3-BF4B-00C04F79EFBC}") = "UnitTests", "UnitTests\UnitTests.csproj", "{FBC1D75C-0579-45B3-8B4B-0D8D54BC514D}"
EndProject
Global
	GlobalSection(SolutionConfigurationPlatforms) = preSolution
		Debug|Any CPU = Debug|Any CPU
		Release|Any CPU = Release|Any CPU
	EndGlobalSection
	GlobalSection(ProjectConfigurationPlatforms) = postSolution
		{A5965C0B-4667-49D1-A8B6-1088650869FB}.Debug|Any CPU.ActiveCfg = Debug|Any CPU
		{A5965C0B-4667-49D1-A8B6-1088650869FB}.Debug|Any CPU.Build.0 = Debug|Any CPU
		{A5965C0B-4667-49D1-A8B6-1088650869FB}.Release|Any CPU.ActiveCfg = Release|Any CPU
		{A5965C0B-4667-49D1-A8B6-1088650869FB}.Release|Any CPU.Build.0 = Release|Any CPU
		{A5856F41-5834-4A0D-9D74-ABD20BDCC477}.Debug|Any CPU.ActiveCfg = Debug|Any CPU
		{A5856F41-5834-4A0D-9D74-ABD20BDCC477}.Debug|Any CPU.Build.0 = Debug|Any CPU
		{A5856F41-5834-4A0D-9D74-ABD20BDCC477}.Release|Any CPU.ActiveCfg = Release|Any CPU
		{A5856F41-5834-4A0D-9D74-ABD20BDCC477}.Release|Any CPU.Build.0 = Release|Any CPU
		{FBC1D75C-0579-45B3-8B4B-0D8D54BC514D}.Debug|Any CPU.ActiveCfg = Debug|Any CPU
		{FBC1D75C-0579-45B3-8B4B-0D8D54BC514D}.Debug|Any CPU.Build.0 = Debug|Any CPU
		{FBC1D75C-0579-45B3-8B4B-0D8D54BC514D}.Release|Any CPU.ActiveCfg = Release|Any CPU
		{FBC1D75C-0579-45B3-8B4B-0D8D54BC514D}.Release|Any CPU.Build.0 = Release|Any CPU
	EndGlobalSection
	GlobalSection(SolutionProperties) = preSolution
		HideSolutionNode = FALSE
	EndGlobalSection
	GlobalSection(ExtensibilityGlobals) = postSolution
		SolutionGuid = {F334DD87-5CA4-4015-A9BA-3D736C4ED7A6}
	EndGlobalSection
EndGlobal
